
Microsoft Visual Studio Solution File, Format Version 12.00
# Visual Studio Version 17
VisualStudioVersion = 17.7.34024.191
MinimumVisualStudioVersion = 10.0.40219.1
Project("{FAE04EC0-301F-11D3-BF4B-00C04F79EFBC}") = "ChessBoard", "ChessBoard.csproj", "{D01DBE06-BBBE-42C8-BE71-E28ED022B3CB}"
EndProject
Global
	GlobalSection(SolutionConfigurationPlatforms) = preSolution
		Debug|Any CPU = Debug|Any CPU
		Release|Any CPU = Release|Any CPU
	EndGlobalSection
	GlobalSection(ProjectConfigurationPlatforms) = postSolution
		{D01DBE06-BBBE-42C8-BE71-E28ED022B3CB}.Debug|Any CPU.ActiveCfg = Debug|Any CPU
		{D01DBE06-BBBE-42C8-BE71-E28ED022B3CB}.Debug|Any CPU.Build.0 = Debug|Any CPU
		{D01DBE06-BBBE-42C8-BE71-E28ED022B3CB}.Release|Any CPU.ActiveCfg = Release|Any CPU
		{D01DBE06-BBBE-42C8-BE71-E28ED022B3CB}.Release|Any CPU.Build.0 = Release|Any CPU
	EndGlobalSection
	GlobalSection(SolutionProperties) = preSolution
		HideSolutionNode = FALSE
	EndGlobalSection
	GlobalSection(ExtensibilityGlobals) = postSolution
		SolutionGuid = {96A27B54-4108-49AF-91E2-75F0968A3987}
	EndGlobalSection
EndGlobal
